<?xml version="1.0" encoding="utf-8"?>
<Project ToolsVersion="4.0" xmlns="http://schemas.microsoft.com/developer/msbuild/2003">
  <ItemGroup>
    <Filter Include="Source Files">
      <UniqueIdentifier>{4FC737F1-C7A5-4376-A066-2A32D752A2FF}</UniqueIdentifier>
      <Extensions>cpp;c;cc;cxx;def;odl;idl;hpj;bat;asm;asmx</Extensions>
    </Filter>
    <Filter Include="Header Files">
      <UniqueIdentifier>{93995380-89BD-4b04-88EB-625FBE52EBFB}</UniqueIdentifier>
      <Extensions>h;hh;hpp;hxx;hm;inl;inc;xsd</Extensions>
    </Filter>
    <Filter Include="Header Files\core">
      <UniqueIdentifier>{b5232063-c6ff-49d2-a6a6-1de6288a9ebf}</UniqueIdentifier>
    </Filter>
    <Filter Include="Source Files\core">
      <UniqueIdentifier>{94c63456-35b3-436d-8b4d-7a2be65a5336}</UniqueIdentifier>
    </Filter>
    <Filter Include="Header Files\states">
      <UniqueIdentifier>{9386e31b-76bd-43ad-a099-eec1164dc66d}</UniqueIdentifier>
    </Filter>
    <Filter Include="Header Files\util">
      <UniqueIdentifier>{bf426c80-c89f-40fa-b36f-6ac5e1ce8dd2}</UniqueIdentifier>
    </Filter>
    <Filter Include="Source Files\util">
      <UniqueIdentifier>{9076a25a-85f0-49b6-9562-18c24c737437}</UniqueIdentifier>
    </Filter>
    <Filter Include="Source Files\states">
      <UniqueIdentifier>{fdde3965-f204-4157-b1b3-2eab2ce3f411}</UniqueIdentifier>
    </Filter>
    <Filter Include="Source Files\entity">
      <UniqueIdentifier>{a7398cdc-be81-4990-b1e5-9ffcde5140e9}</UniqueIdentifier>
    </Filter>
    <Filter Include="Header Files\entity">
      <UniqueIdentifier>{c33568b2-b96e-4721-9fed-5649ddfe1bbb}</UniqueIdentifier>
    </Filter>
    <Filter Include="Header Files\render">
      <UniqueIdentifier>{b7a7a228-31c1-4d9d-9175-c7900aba4bb1}</UniqueIdentifier>
    </Filter>
    <Filter Include="Source Files\render">
      <UniqueIdentifier>{c68eca72-9ccf-4abd-8be5-3376cdfa5a2e}</UniqueIdentifier>
    </Filter>
    <Filter Include="Header Files\example">
      <UniqueIdentifier>{f57497ac-ffa2-46af-9228-1c0f6644bc24}</UniqueIdentifier>
    </Filter>
    <Filter Include="Source Files\example">
      <UniqueIdentifier>{5c69abce-3ddd-416c-a257-2b99fd3f7881}</UniqueIdentifier>
    </Filter>
    <Filter Include="Assets">
      <UniqueIdentifier>{102ab364-3055-42a1-a9a3-96289172714a}</UniqueIdentifier>
    </Filter>
    <Filter Include="Assets\shaders">
      <UniqueIdentifier>{74811285-bf78-46d6-9e58-63d718101daf}</UniqueIdentifier>
    </Filter>
    <Filter Include="Source Files\editor">
      <UniqueIdentifier>{7cabd636-b7d4-4527-a0cf-fdd3612403f9}</UniqueIdentifier>
    </Filter>
    <Filter Include="Header Files\editor">
      <UniqueIdentifier>{362d8bdc-2665-4414-98b0-7a4026250518}</UniqueIdentifier>
    </Filter>
    <Filter Include="Header Files\stb">
      <UniqueIdentifier>{42ee93e9-a99d-4851-92b5-9e366dc0cbb7}</UniqueIdentifier>
    </Filter>
    <Filter Include="Source Files\stb">
      <UniqueIdentifier>{a0c89d0c-4574-4301-85c7-1a4fb2f66f96}</UniqueIdentifier>
    </Filter>
    <Filter Include="Header Files\scene">
      <UniqueIdentifier>{8acd82c7-fb6b-4528-8a67-8038aab2cec9}</UniqueIdentifier>
    </Filter>
    <Filter Include="Source Files\scene">
      <UniqueIdentifier>{ffd8b0b1-896e-40cd-8b4f-f2ac0d4afc79}</UniqueIdentifier>
    </Filter>
    <Filter Include="Header Files\entity\component">
      <UniqueIdentifier>{7a5ce1ae-c904-4f94-b199-221459bb1604}</UniqueIdentifier>
    </Filter>
    <Filter Include="Source Files\entity\component">
      <UniqueIdentifier>{5f50e674-67f1-4edf-9072-7b88f1db1ab3}</UniqueIdentifier>
    </Filter>
    <Filter Include="Assets\materials">
      <UniqueIdentifier>{23e42193-2137-4a70-b940-5c9e53e20464}</UniqueIdentifier>
    </Filter>
  </ItemGroup>
  <ItemGroup>
    <ClInclude Include="source\core\Game.h">
      <Filter>Header Files\core</Filter>
    </ClInclude>
    <ClInclude Include="source\states\State.h">
      <Filter>Header Files\states</Filter>
    </ClInclude>
    <ClInclude Include="source\util\AssetManager.h">
      <Filter>Header Files\util</Filter>
    </ClInclude>
    <ClInclude Include="source\util\Random.h">
      <Filter>Header Files\util</Filter>
    </ClInclude>
    <ClInclude Include="stdafx.h">
      <Filter>Header Files\core</Filter>
    </ClInclude>
    <ClInclude Include="targetver.h">
      <Filter>Header Files\core</Filter>
    </ClInclude>
    <ClInclude Include="source\util\GlmTypedefs.h">
      <Filter>Header Files\util</Filter>
    </ClInclude>
    <ClInclude Include="source\render\CameraConfig.h">
      <Filter>Header Files\render</Filter>
    </ClInclude>
    <ClInclude Include="source\render\MatrixMaths.h">
      <Filter>Header Files\render</Filter>
    </ClInclude>
    <ClInclude Include="source\states\State_Splash.h">
      <Filter>Header Files\states</Filter>
    </ClInclude>
    <ClInclude Include="source\example\State_Example.h">
      <Filter>Header Files\example</Filter>
    </ClInclude>
    <ClInclude Include="source\render\Shader.h">
      <Filter>Header Files\render</Filter>
    </ClInclude>
    <ClInclude Include="source\editor\imconfig.h">
      <Filter>Header Files\editor</Filter>
    </ClInclude>
    <ClInclude Include="source\editor\imgui.h">
      <Filter>Header Files\editor</Filter>
    </ClInclude>
    <ClInclude Include="source\editor\imgui_internal.h">
      <Filter>Header Files\editor</Filter>
    </ClInclude>
    <ClInclude Include="source\editor\stb_rect_pack.h">
      <Filter>Header Files\editor</Filter>
    </ClInclude>
    <ClInclude Include="source\editor\stb_textedit.h">
      <Filter>Header Files\editor</Filter>
    </ClInclude>
    <ClInclude Include="source\editor\stb_truetype.h">
      <Filter>Header Files\editor</Filter>
    </ClInclude>
    <ClInclude Include="source\editor\imgui_impl_glfw_gl3.h">
      <Filter>Header Files\editor</Filter>
    </ClInclude>
    <ClInclude Include="source\render\Renderer.h">
      <Filter>Header Files\render</Filter>
    </ClInclude>
    <ClInclude Include="source\stb\stb_image.h">
      <Filter>Header Files\stb</Filter>
    </ClInclude>
    <ClInclude Include="source\core\Texture.h">
      <Filter>Header Files\core</Filter>
    </ClInclude>
    <ClInclude Include="source\util\ConsoleColour.h">
      <Filter>Header Files\util</Filter>
    </ClInclude>
    <ClInclude Include="source\scene\Scene.h">
      <Filter>Header Files\scene</Filter>
    </ClInclude>
    <ClInclude Include="source\entity\Mesh.h">
      <Filter>Header Files\entity</Filter>
    </ClInclude>
    <ClInclude Include="source\core\EnginePrefs.h">
      <Filter>Header Files\core</Filter>
    </ClInclude>
    <ClInclude Include="source\render\Vertex.h">
      <Filter>Header Files\render</Filter>
    </ClInclude>
    <ClInclude Include="source\entity\Transform.h">
      <Filter>Header Files\entity</Filter>
    </ClInclude>
    <ClInclude Include="source\entity\ECS.h">
      <Filter>Header Files\entity</Filter>
    </ClInclude>
    <ClInclude Include="source\entity\component\MeshComponent.h">
      <Filter>Header Files\entity\component</Filter>
    </ClInclude>
    <ClInclude Include="source\entity\component\TestComponent.h">
      <Filter>Header Files\entity\component</Filter>
    </ClInclude>
    <ClInclude Include="source\entity\component\CameraComponent.h">
      <Filter>Header Files\entity\component</Filter>
    </ClInclude>
    <ClInclude Include="source\render\Material.h">
      <Filter>Header Files\render</Filter>
    </ClInclude>
    <ClInclude Include="source\states\State_Editor.h">
      <Filter>Header Files\states</Filter>
    </ClInclude>
  </ItemGroup>
  <ItemGroup>
    <ClCompile Include="source\core\Game.cpp">
      <Filter>Source Files\core</Filter>
    </ClCompile>
    <ClCompile Include="source\util\AssetManager.cpp">
      <Filter>Source Files\util</Filter>
    </ClCompile>
    <ClCompile Include="Arctic-Engine.cpp">
      <Filter>Source Files\core</Filter>
    </ClCompile>
    <ClCompile Include="stdafx.cpp">
      <Filter>Source Files\core</Filter>
    </ClCompile>
    <ClCompile Include="source\render\MatrixMaths.cpp">
      <Filter>Source Files\render</Filter>
    </ClCompile>
    <ClCompile Include="source\states\State_Splash.cpp">
      <Filter>Source Files\states</Filter>
    </ClCompile>
    <ClCompile Include="source\example\State_Example.cpp">
      <Filter>Source Files\example</Filter>
    </ClCompile>
    <ClCompile Include="source\render\Shader.cpp">
      <Filter>Source Files\render</Filter>
    </ClCompile>
    <ClCompile Include="source\editor\imgui.cpp">
      <Filter>Source Files\editor</Filter>
    </ClCompile>
    <ClCompile Include="source\editor\imgui_draw.cpp">
      <Filter>Source Files\editor</Filter>
    </ClCompile>
    <ClCompile Include="source\editor\imgui_impl_glfw_gl3.cpp">
      <Filter>Source Files\editor</Filter>
    </ClCompile>
    <ClCompile Include="source\render\Renderer.cpp">
      <Filter>Source Files\render</Filter>
    </ClCompile>
    <ClCompile Include="source\states\State.cpp">
      <Filter>Source Files\states</Filter>
    </ClCompile>
    <ClCompile Include="source\stb\stb_image.cpp">
      <Filter>Source Files\stb</Filter>
    </ClCompile>
    <ClCompile Include="source\core\Texture.cpp">
      <Filter>Source Files\core</Filter>
    </ClCompile>
    <ClCompile Include="source\scene\Scene.cpp">
      <Filter>Source Files\scene</Filter>
    </ClCompile>
    <ClCompile Include="source\entity\Mesh.cpp">
      <Filter>Source Files\entity</Filter>
    </ClCompile>
    <ClCompile Include="source\core\EnginePrefs.cpp">
      <Filter>Source Files\core</Filter>
    </ClCompile>
    <ClCompile Include="source\entity\component\MeshComponent.cpp">
      <Filter>Source Files\entity\component</Filter>
    </ClCompile>
    <ClCompile Include="source\entity\component\TestComponent.cpp">
      <Filter>Source Files\entity\component</Filter>
    </ClCompile>
    <ClCompile Include="source\entity\component\CameraComponent.cpp">
      <Filter>Source Files\entity\component</Filter>
    </ClCompile>
    <ClCompile Include="source\states\State_Editor.cpp">
      <Filter>Source Files\states</Filter>
    </ClCompile>
  </ItemGroup>
  <ItemGroup>
    <None Include="assets\shaders\combo.shader">
      <Filter>Assets\shaders</Filter>
    </None>
    <None Include="assets\materials\test.material">
      <Filter>Assets\materials</Filter>
    </None>
  </ItemGroup>
</Project>